// !$*UTF8*$!
{
	archiveVersion = 1;
	classes = {
	};
	objectVersion = 56;
	objects = {

/* Begin PBXBuildFile section */
		6453AEEE2A964E7600600EAE /* CardView.swift in Sources */ = {isa = PBXBuildFile; fileRef = 6453AEED2A964E7600600EAE /* CardView.swift */; };
		6453AEF12A96510F00600EAE /* BackgroundView.swift in Sources */ = {isa = PBXBuildFile; fileRef = 6453AEF02A96510F00600EAE /* BackgroundView.swift */; };
		6453AEF42A96548300600EAE /* ColorExtension.swift in Sources */ = {isa = PBXBuildFile; fileRef = 6453AEF32A96548300600EAE /* ColorExtension.swift */; };
		6453AEF62A966D8700600EAE /* CustomButton.swift in Sources */ = {isa = PBXBuildFile; fileRef = 6453AEF52A966D8600600EAE /* CustomButton.swift */; };
		647C3F972A9646AE00C886B7 /* HIKEApp.swift in Sources */ = {isa = PBXBuildFile; fileRef = 647C3F962A9646AE00C886B7 /* HIKEApp.swift */; };
		647C3F992A9646AE00C886B7 /* ContentView.swift in Sources */ = {isa = PBXBuildFile; fileRef = 647C3F982A9646AE00C886B7 /* ContentView.swift */; };
		647C3F9B2A9646B100C886B7 /* Assets.xcassets in Resources */ = {isa = PBXBuildFile; fileRef = 647C3F9A2A9646B100C886B7 /* Assets.xcassets */; };
		647C3F9E2A9646B100C886B7 /* Preview Assets.xcassets in Resources */ = {isa = PBXBuildFile; fileRef = 647C3F9D2A9646B100C886B7 /* Preview Assets.xcassets */; };
		64EA4D762A9794090042D14D /* GradientButtonStyle.swift in Sources */ = {isa = PBXBuildFile; fileRef = 64EA4D752A9794090042D14D /* GradientButtonStyle.swift */; };
/* End PBXBuildFile section */

/* Begin PBXFileReference section */
		6453AEED2A964E7600600EAE /* CardView.swift */ = {isa = PBXFileReference; lastKnownFileType = sourcecode.swift; path = CardView.swift; sourceTree = "<group>"; };
		6453AEF02A96510F00600EAE /* BackgroundView.swift */ = {isa = PBXFileReference; lastKnownFileType = sourcecode.swift; path = BackgroundView.swift; sourceTree = "<group>"; };
		6453AEF32A96548300600EAE /* ColorExtension.swift */ = {isa = PBXFileReference; lastKnownFileType = sourcecode.swift; path = ColorExtension.swift; sourceTree = "<group>"; };
		6453AEF52A966D8600600EAE /* CustomButton.swift */ = {isa = PBXFileReference; lastKnownFileType = sourcecode.swift; path = CustomButton.swift; sourceTree = "<group>"; };
		647C3F932A9646AE00C886B7 /* HIKE.app */ = {isa = PBXFileReference; explicitFileType = wrapper.application; includeInIndex = 0; path = HIKE.app; sourceTree = BUILT_PRODUCTS_DIR; };
		647C3F962A9646AE00C886B7 /* HIKEApp.swift */ = {isa = PBXFileReference; lastKnownFileType = sourcecode.swift; path = HIKEApp.swift; sourceTree = "<group>"; };
		647C3F982A9646AE00C886B7 /* ContentView.swift */ = {isa = PBXFileReference; lastKnownFileType = sourcecode.swift; path = ContentView.swift; sourceTree = "<group>"; };
		647C3F9A2A9646B100C886B7 /* Assets.xcassets */ = {isa = PBXFileReference; lastKnownFileType = folder.assetcatalog; path = Assets.xcassets; sourceTree = "<group>"; };
		647C3F9D2A9646B100C886B7 /* Preview Assets.xcassets */ = {isa = PBXFileReference; lastKnownFileType = folder.assetcatalog; path = "Preview Assets.xcassets"; sourceTree = "<group>"; };
		64EA4D752A9794090042D14D /* GradientButtonStyle.swift */ = {isa = PBXFileReference; lastKnownFileType = sourcecode.swift; path = GradientButtonStyle.swift; sourceTree = "<group>"; };
/* End PBXFileReference section */

/* Begin PBXFrameworksBuildPhase section */
		647C3F902A9646AE00C886B7 /* Frameworks */ = {
			isa = PBXFrameworksBuildPhase;
			buildActionMask = 2147483647;
			files = (
			);
			runOnlyForDeploymentPostprocessing = 0;
		};
/* End PBXFrameworksBuildPhase section */

/* Begin PBXGroup section */
		6453AEEF2A96504300600EAE /* Components */ = {
			isa = PBXGroup;
			children = (
				6453AEED2A964E7600600EAE /* CardView.swift */,
				6453AEF02A96510F00600EAE /* BackgroundView.swift */,
				6453AEF52A966D8600600EAE /* CustomButton.swift */,
			);
			path = Components;
			sourceTree = "<group>";
		};
		6453AEF22A96546000600EAE /* Utility */ = {
			isa = PBXGroup;
			children = (
				6453AEF32A96548300600EAE /* ColorExtension.swift */,
				64EA4D752A9794090042D14D /* GradientButtonStyle.swift */,
			);
			path = Utility;
			sourceTree = "<group>";
		};
		647C3F8A2A9646AE00C886B7 = {
			isa = PBXGroup;
			children = (
				647C3F952A9646AE00C886B7 /* HIKE */,
				647C3F942A9646AE00C886B7 /* Products */,
			);
			sourceTree = "<group>";
		};
		647C3F942A9646AE00C886B7 /* Products */ = {
			isa = PBXGroup;
			children = (
				647C3F932A9646AE00C886B7 /* HIKE.app */,
			);
			name = Products;
			sourceTree = "<group>";
		};
		647C3F952A9646AE00C886B7 /* HIKE */ = {
			isa = PBXGroup;
			children = (
				6453AEF22A96546000600EAE /* Utility */,
				647C3F962A9646AE00C886B7 /* HIKEApp.swift */,
				647C3F982A9646AE00C886B7 /* ContentView.swift */,
				647C3F9A2A9646B100C886B7 /* Assets.xcassets */,
				647C3F9C2A9646B100C886B7 /* Preview Content */,
				6453AEEF2A96504300600EAE /* Components */,
			);
			path = HIKE;
			sourceTree = "<group>";
		};
		647C3F9C2A9646B100C886B7 /* Preview Content */ = {
			isa = PBXGroup;
			children = (
				647C3F9D2A9646B100C886B7 /* Preview Assets.xcassets */,
			);
			path = "Preview Content";
			sourceTree = "<group>";
		};
/* End PBXGroup section */

/* Begin PBXNativeTarget section */
		647C3F922A9646AE00C886B7 /* HIKE */ = {
			isa = PBXNativeTarget;
			buildConfigurationList = 647C3FA12A9646B200C886B7 /* Build configuration list for PBXNativeTarget "HIKE" */;
			buildPhases = (
				647C3F8F2A9646AE00C886B7 /* Sources */,
				647C3F902A9646AE00C886B7 /* Frameworks */,
				647C3F912A9646AE00C886B7 /* Resources */,
			);
			buildRules = (
			);
			dependencies = (
			);
			name = HIKE;
			productName = HIKE;
			productReference = 647C3F932A9646AE00C886B7 /* HIKE.app */;
			productType = "com.apple.product-type.application";
		};
/* End PBXNativeTarget section */

/* Begin PBXProject section */
		647C3F8B2A9646AE00C886B7 /* Project object */ = {
			isa = PBXProject;
			attributes = {
				BuildIndependentTargetsInParallel = 1;
				LastSwiftUpdateCheck = 1430;
				LastUpgradeCheck = 1430;
				TargetAttributes = {
					647C3F922A9646AE00C886B7 = {
						CreatedOnToolsVersion = 14.3;
					};
				};
			};
			buildConfigurationList = 647C3F8E2A9646AE00C886B7 /* Build configuration list for PBXProject "HIKE" */;
			compatibilityVersion = "Xcode 14.0";
			developmentRegion = en;
			hasScannedForEncodings = 0;
			knownRegions = (
				en,
				Base,
			);
			mainGroup = 647C3F8A2A9646AE00C886B7;
			productRefGroup = 647C3F942A9646AE00C886B7 /* Products */;
			projectDirPath = "";
			projectRoot = "";
			targets = (
				647C3F922A9646AE00C886B7 /* HIKE */,
			);
		};
/* End PBXProject section */

/* Begin PBXResourcesBuildPhase section */
		647C3F912A9646AE00C886B7 /* Resources */ = {
			isa = PBXResourcesBuildPhase;
			buildActionMask = 2147483647;
			files = (
				647C3F9E2A9646B100C886B7 /* Preview Assets.xcassets in Resources */,
				647C3F9B2A9646B100C886B7 /* Assets.xcassets in Resources */,
			);
			runOnlyForDeploymentPostprocessing = 0;
		};
/* End PBXResourcesBuildPhase section */

/* Begin PBXSourcesBuildPhase section */
		647C3F8F2A9646AE00C886B7 /* Sources */ = {
			isa = PBXSourcesBuildPhase;
			buildActionMask = 2147483647;
			files = (
				647C3F992A9646AE00C886B7 /* ContentView.swift in Sources */,
				6453AEEE2A964E7600600EAE /* CardView.swift in Sources */,
				6453AEF62A966D8700600EAE /* CustomButton.swift in Sources */,
				6453AEF12A96510F00600EAE /* BackgroundView.swift in Sources */,
				64EA4D762A9794090042D14D /* GradientButtonStyle.swift in Sources */,
				647C3F972A9646AE00C886B7 /* HIKEApp.swift in Sources */,
				6453AEF42A96548300600EAE /* ColorExtension.swift in Sources */,
			);
			runOnlyForDeploymentPostprocessing = 0;
		};
/* End PBXSourcesBuildPhase section */

/* Begin XCBuildConfiguration section */
		647C3F9F2A9646B200C886B7 /* Debug */ = {
			isa = XCBuildConfiguration;
			buildSettings = {
				ALWAYS_SEARCH_USER_PATHS = NO;
				CLANG_ANALYZER_NONNULL = YES;
				CLANG_ANALYZER_NUMBER_OBJECT_CONVERSION = YES_AGGRESSIVE;
				CLANG_CXX_LANGUAGE_STANDARD = "gnu++20";
				CLANG_ENABLE_MODULES = YES;
				CLANG_ENABLE_OBJC_ARC = YES;
				CLANG_ENABLE_OBJC_WEAK = YES;
				CLANG_WARN_BLOCK_CAPTURE_AUTORELEASING = YES;
				CLANG_WARN_BOOL_CONVERSION = YES;
				CLANG_WARN_COMMA = YES;
				CLANG_WARN_CONSTANT_CONVERSION = YES;
				CLANG_WARN_DEPRECATED_OBJC_IMPLEMENTATIONS = YES;
				CLANG_WARN_DIRECT_OBJC_ISA_USAGE = YES_ERROR;
				CLANG_WARN_DOCUMENTATION_COMMENTS = YES;
				CLANG_WARN_EMPTY_BODY = YES;
				CLANG_WARN_ENUM_CONVERSION = YES;
				CLANG_WARN_INFINITE_RECURSION = YES;
				CLANG_WARN_INT_CONVERSION = YES;
				CLANG_WARN_NON_LITERAL_NULL_CONVERSION = YES;
				CLANG_WARN_OBJC_IMPLICIT_RETAIN_SELF = YES;
				CLANG_WARN_OBJC_LITERAL_CONVERSION = YES;
				CLANG_WARN_OBJC_ROOT_CLASS = YES_ERROR;
				CLANG_WARN_QUOTED_INCLUDE_IN_FRAMEWORK_HEADER = YES;
				CLANG_WARN_RANGE_LOOP_ANALYSIS = YES;
				CLANG_WARN_STRICT_PROTOTYPES = YES;
				CLANG_WARN_SUSPICIOUS_MOVE = YES;
				CLANG_WARN_UNGUARDED_AVAILABILITY = YES_AGGRESSIVE;
				CLANG_WARN_UNREACHABLE_CODE = YES;
				CLANG_WARN__DUPLICATE_METHOD_MATCH = YES;
				COPY_PHASE_STRIP = NO;
				DEBUG_INFORMATION_FORMAT = dwarf;
				ENABLE_STRICT_OBJC_MSGSEND = YES;
				ENABLE_TESTABILITY = YES;
				GCC_C_LANGUAGE_STANDARD = gnu11;
				GCC_DYNAMIC_NO_PIC = NO;
				GCC_NO_COMMON_BLOCKS = YES;
				GCC_OPTIMIZATION_LEVEL = 0;
				GCC_PREPROCESSOR_DEFINITIONS = (
					"DEBUG=1",
					"$(inherited)",
				);
				GCC_WARN_64_TO_32_BIT_CONVERSION = YES;
				GCC_WARN_ABOUT_RETURN_TYPE = YES_ERROR;
				GCC_WARN_UNDECLARED_SELECTOR = YES;
				GCC_WARN_UNINITIALIZED_AUTOS = YES_AGGRESSIVE;
				GCC_WARN_UNUSED_FUNCTION = YES;
				GCC_WARN_UNUSED_VARIABLE = YES;
				IPHONEOS_DEPLOYMENT_TARGET = 16.4;
				MTL_ENABLE_DEBUG_INFO = INCLUDE_SOURCE;
				MTL_FAST_MATH = YES;
				ONLY_ACTIVE_ARCH = YES;
				SDKROOT = iphoneos;
				SWIFT_ACTIVE_COMPILATION_CONDITIONS = DEBUG;
				SWIFT_OPTIMIZATION_LEVEL = "-Onone";
			};
			name = Debug;
		};
		647C3FA02A9646B200C886B7 /* Release */ = {
			isa = XCBuildConfiguration;
			buildSettings = {
				ALWAYS_SEARCH_USER_PATHS = NO;
				CLANG_ANALYZER_NONNULL = YES;
				CLANG_ANALYZER_NUMBER_OBJECT_CONVERSION = YES_AGGRESSIVE;
				CLANG_CXX_LANGUAGE_STANDARD = "gnu++20";
				CLANG_ENABLE_MODULES = YES;
				CLANG_ENABLE_OBJC_ARC = YES;
				CLANG_ENABLE_OBJC_WEAK = YES;
				CLANG_WARN_BLOCK_CAPTURE_AUTORELEASING = YES;
				CLANG_WARN_BOOL_CONVERSION = YES;
				CLANG_WARN_COMMA = YES;
				CLANG_WARN_CONSTANT_CONVERSION = YES;
				CLANG_WARN_DEPRECATED_OBJC_IMPLEMENTATIONS = YES;
				CLANG_WARN_DIRECT_OBJC_ISA_USAGE = YES_ERROR;
				CLANG_WARN_DOCUMENTATION_COMMENTS = YES;
				CLANG_WARN_EMPTY_BODY = YES;
				CLANG_WARN_ENUM_CONVERSION = YES;
				CLANG_WARN_INFINITE_RECURSION = YES;
				CLANG_WARN_INT_CONVERSION = YES;
				CLANG_WARN_NON_LITERAL_NULL_CONVERSION = YES;
				CLANG_WARN_OBJC_IMPLICIT_RETAIN_SELF = YES;
				CLANG_WARN_OBJC_LITERAL_CONVERSION = YES;
				CLANG_WARN_OBJC_ROOT_CLASS = YES_ERROR;
				CLANG_WARN_QUOTED_INCLUDE_IN_FRAMEWORK_HEADER = YES;
				CLANG_WARN_RANGE_LOOP_ANALYSIS = YES;
				CLANG_WARN_STRICT_PROTOTYPES = YES;
				CLANG_WARN_SUSPICIOUS_MOVE = YES;
				CLANG_WARN_UNGUARDED_AVAILABILITY = YES_AGGRESSIVE;
				CLANG_WARN_UNREACHABLE_CODE = YES;
				CLANG_WARN__DUPLICATE_METHOD_MATCH = YES;
				COPY_PHASE_STRIP = NO;
				DEBUG_INFORMATION_FORMAT = "dwarf-with-dsym";
				ENABLE_NS_ASSERTIONS = NO;
				ENABLE_STRICT_OBJC_MSGSEND = YES;
				GCC_C_LANGUAGE_STANDARD = gnu11;
				GCC_NO_COMMON_BLOCKS = YES;
				GCC_WARN_64_TO_32_BIT_CONVERSION = YES;
				GCC_WARN_ABOUT_RETURN_TYPE = YES_ERROR;
				GCC_WARN_UNDECLARED_SELECTOR = YES;
				GCC_WARN_UNINITIALIZED_AUTOS = YES_AGGRESSIVE;
				GCC_WARN_UNUSED_FUNCTION = YES;
				GCC_WARN_UNUSED_VARIABLE = YES;
				IPHONEOS_DEPLOYMENT_TARGET = 16.4;
				MTL_ENABLE_DEBUG_INFO = NO;
				MTL_FAST_MATH = YES;
				SDKROOT = iphoneos;
				SWIFT_COMPILATION_MODE = wholemodule;
				SWIFT_OPTIMIZATION_LEVEL = "-O";
				VALIDATE_PRODUCT = YES;
			};
			name = Release;
		};
		647C3FA22A9646B200C886B7 /* Debug */ = {
			isa = XCBuildConfiguration;
			buildSettings = {
				ASSETCATALOG_COMPILER_APPICON_NAME = AppIcon;
				ASSETCATALOG_COMPILER_GLOBAL_ACCENT_COLOR_NAME = AccentColor;
				CODE_SIGN_STYLE = Automatic;
				CURRENT_PROJECT_VERSION = 1;
				DEVELOPMENT_ASSET_PATHS = "\"HIKE/Preview Content\"";
				DEVELOPMENT_TEAM = 7J8WK9MYY2;
				ENABLE_PREVIEWS = YES;
				GENERATE_INFOPLIST_FILE = YES;
				INFOPLIST_KEY_UIApplicationSceneManifest_Generation = YES;
				INFOPLIST_KEY_UIApplicationSupportsIndirectInputEvents = YES;
				INFOPLIST_KEY_UILaunchScreen_Generation = YES;
				INFOPLIST_KEY_UISupportedInterfaceOrientations_iPad = "UIInterfaceOrientationPortrait UIInterfaceOrientationPortraitUpsideDown UIInterfaceOrientationLandscapeLeft UIInterfaceOrientationLandscapeRight";
				INFOPLIST_KEY_UISupportedInterfaceOrientations_iPhone = "UIInterfaceOrientationPortrait UIInterfaceOrientationLandscapeLeft UIInterfaceOrientationLandscapeRight";
				LD_RUNPATH_SEARCH_PATHS = (
					"$(inherited)",
					"@executable_path/Frameworks",
				);
				MARKETING_VERSION = 1.0;
				PRODUCT_BUNDLE_IDENTIFIER = Personal.HIKE;
				PRODUCT_NAME = "$(TARGET_NAME)";
				SWIFT_EMIT_LOC_STRINGS = YES;
				SWIFT_VERSION = 5.0;
				TARGETED_DEVICE_FAMILY = "1,2";
			};
			name = Debug;
		};
		647C3FA32A9646B200C886B7 /* Release */ = {
			isa = XCBuildConfiguration;
			buildSettings = {
				ASSETCATALOG_COMPILER_APPICON_NAME = AppIcon;
				ASSETCATALOG_COMPILER_GLOBAL_ACCENT_COLOR_NAME = AccentColor;
				CODE_SIGN_STYLE = Automatic;
				CURRENT_PROJECT_VERSION = 1;
				DEVELOPMENT_ASSET_PATHS = "\"HIKE/Preview Content\"";
				DEVELOPMENT_TEAM = 7J8WK9MYY2;
				ENABLE_PREVIEWS = YES;
				GENERATE_INFOPLIST_FILE = YES;
				INFOPLIST_KEY_UIApplicationSceneManifest_Generation = YES;
				INFOPLIST_KEY_UIApplicationSupportsIndirectInputEvents = YES;
				INFOPLIST_KEY_UILaunchScreen_Generation = YES;
				INFOPLIST_KEY_UISupportedInterfaceOrientations_iPad = "UIInterfaceOrientationPortrait UIInterfaceOrientationPortraitUpsideDown UIInterfaceOrientationLandscapeLeft UIInterfaceOrientationLandscapeRight";
				INFOPLIST_KEY_UISupportedInterfaceOrientations_iPhone = "UIInterfaceOrientationPortrait UIInterfaceOrientationLandscapeLeft UIInterfaceOrientationLandscapeRight";
				LD_RUNPATH_SEARCH_PATHS = (
					"$(inherited)",
					"@executable_path/Frameworks",
				);
				MARKETING_VERSION = 1.0;
				PRODUCT_BUNDLE_IDENTIFIER = Personal.HIKE;
				PRODUCT_NAME = "$(TARGET_NAME)";
				SWIFT_EMIT_LOC_STRINGS = YES;
				SWIFT_VERSION = 5.0;
				TARGETED_DEVICE_FAMILY = "1,2";
			};
			name = Release;
		};
/* End XCBuildConfiguration section */

/* Begin XCConfigurationList section */
		647C3F8E2A9646AE00C886B7 /* Build configuration list for PBXProject "HIKE" */ = {
			isa = XCConfigurationList;
			buildConfigurations = (
				647C3F9F2A9646B200C886B7 /* Debug */,
				647C3FA02A9646B200C886B7 /* Release */,
			);
			defaultConfigurationIsVisible = 0;
			defaultConfigurationName = Release;
		};
		647C3FA12A9646B200C886B7 /* Build configuration list for PBXNativeTarget "HIKE" */ = {
			isa = XCConfigurationList;
			buildConfigurations = (
				647C3FA22A9646B200C886B7 /* Debug */,
				647C3FA32A9646B200C886B7 /* Release */,
			);
			defaultConfigurationIsVisible = 0;
			defaultConfigurationName = Release;
		};
/* End XCConfigurationList section */
	};
	rootObject = 647C3F8B2A9646AE00C886B7 /* Project object */;
}
